// !$*UTF8*$!
{
	archiveVersion = 1;
	classes = {
	};
	objectVersion = 77;
	objects = {

/* Begin PBXBuildFile section */
		398829C52DCA48E3002C7C5F /* FirebaseAnalytics in Frameworks */ = {isa = PBXBuildFile; productRef = 398829C42DCA48E3002C7C5F /* FirebaseAnalytics */; };
		398829C72DCA48E3002C7C5F /* FirebaseAnalyticsOnDeviceConversion in Frameworks */ = {isa = PBXBuildFile; productRef = 398829C62DCA48E3002C7C5F /* FirebaseAnalyticsOnDeviceConversion */; };
		398829C92DCA48E3002C7C5F /* FirebaseAnalyticsWithoutAdIdSupport in Frameworks */ = {isa = PBXBuildFile; productRef = 398829C82DCA48E3002C7C5F /* FirebaseAnalyticsWithoutAdIdSupport */; };
		398829CB2DCA48E3002C7C5F /* FirebaseAppCheck in Frameworks */ = {isa = PBXBuildFile; productRef = 398829CA2DCA48E3002C7C5F /* FirebaseAppCheck */; };
		398829CD2DCA48E3002C7C5F /* FirebaseAppDistribution-Beta in Frameworks */ = {isa = PBXBuildFile; productRef = 398829CC2DCA48E3002C7C5F /* FirebaseAppDistribution-Beta */; };
		398829CF2DCA48E3002C7C5F /* FirebaseAuth in Frameworks */ = {isa = PBXBuildFile; productRef = 398829CE2DCA48E3002C7C5F /* FirebaseAuth */; };
		398829D12DCA48E3002C7C5F /* FirebaseAuthCombine-Community in Frameworks */ = {isa = PBXBuildFile; productRef = 398829D02DCA48E3002C7C5F /* FirebaseAuthCombine-Community */; };
		398829D32DCA48E3002C7C5F /* FirebaseCore in Frameworks */ = {isa = PBXBuildFile; productRef = 398829D22DCA48E3002C7C5F /* FirebaseCore */; };
		398829D52DCA48E3002C7C5F /* FirebaseCrashlytics in Frameworks */ = {isa = PBXBuildFile; productRef = 398829D42DCA48E3002C7C5F /* FirebaseCrashlytics */; };
		398829D72DCA48E3002C7C5F /* FirebaseDatabase in Frameworks */ = {isa = PBXBuildFile; productRef = 398829D62DCA48E3002C7C5F /* FirebaseDatabase */; };
		398829D92DCA48E3002C7C5F /* FirebaseDynamicLinks in Frameworks */ = {isa = PBXBuildFile; productRef = 398829D82DCA48E3002C7C5F /* FirebaseDynamicLinks */; };
		398829DB2DCA48E3002C7C5F /* FirebaseFirestore in Frameworks */ = {isa = PBXBuildFile; productRef = 398829DA2DCA48E3002C7C5F /* FirebaseFirestore */; };
		398829DD2DCA48E3002C7C5F /* FirebaseFirestoreCombine-Community in Frameworks */ = {isa = PBXBuildFile; productRef = 398829DC2DCA48E3002C7C5F /* FirebaseFirestoreCombine-Community */; };
		398829DF2DCA48E3002C7C5F /* FirebaseFunctions in Frameworks */ = {isa = PBXBuildFile; productRef = 398829DE2DCA48E3002C7C5F /* FirebaseFunctions */; };
		398829E12DCA48E3002C7C5F /* FirebaseFunctionsCombine-Community in Frameworks */ = {isa = PBXBuildFile; productRef = 398829E02DCA48E3002C7C5F /* FirebaseFunctionsCombine-Community */; };
		398829E32DCA48E3002C7C5F /* FirebaseInAppMessaging-Beta in Frameworks */ = {isa = PBXBuildFile; productRef = 398829E22DCA48E3002C7C5F /* FirebaseInAppMessaging-Beta */; };
		398829E52DCA48E3002C7C5F /* FirebaseInstallations in Frameworks */ = {isa = PBXBuildFile; productRef = 398829E42DCA48E3002C7C5F /* FirebaseInstallations */; };
		398829E72DCA48E3002C7C5F /* FirebaseMLModelDownloader in Frameworks */ = {isa = PBXBuildFile; productRef = 398829E62DCA48E3002C7C5F /* FirebaseMLModelDownloader */; };
		398829E92DCA48E3002C7C5F /* FirebaseMessaging in Frameworks */ = {isa = PBXBuildFile; productRef = 398829E82DCA48E3002C7C5F /* FirebaseMessaging */; };
		398829EB2DCA48E3002C7C5F /* FirebasePerformance in Frameworks */ = {isa = PBXBuildFile; productRef = 398829EA2DCA48E3002C7C5F /* FirebasePerformance */; };
		398829ED2DCA48E3002C7C5F /* FirebaseRemoteConfig in Frameworks */ = {isa = PBXBuildFile; productRef = 398829EC2DCA48E3002C7C5F /* FirebaseRemoteConfig */; };
		398829EF2DCA48E3002C7C5F /* FirebaseStorage in Frameworks */ = {isa = PBXBuildFile; productRef = 398829EE2DCA48E3002C7C5F /* FirebaseStorage */; };
		398829F12DCA48E3002C7C5F /* FirebaseStorageCombine-Community in Frameworks */ = {isa = PBXBuildFile; productRef = 398829F02DCA48E3002C7C5F /* FirebaseStorageCombine-Community */; };
		398829F32DCA48E3002C7C5F /* FirebaseVertexAI in Frameworks */ = {isa = PBXBuildFile; productRef = 398829F22DCA48E3002C7C5F /* FirebaseVertexAI */; };
		398829F62DCA491D002C7C5F /* Appwrite in Frameworks */ = {isa = PBXBuildFile; productRef = 398829F52DCA491D002C7C5F /* Appwrite */; };
		398829F92DCA49D1002C7C5F /* MarkdownUI in Frameworks */ = {isa = PBXBuildFile; productRef = 398829F82DCA49D1002C7C5F /* MarkdownUI */; };
		39882A0F2DCB2067002C7C5F /* RazorpayCheckout in Frameworks */ = {isa = PBXBuildFile; productRef = 39882A0E2DCB2067002C7C5F /* RazorpayCheckout */; };
/* End PBXBuildFile section */

/* Begin PBXFileReference section */
		7802C7AF2DC29F500071A2FF /* HMS_APP.app */ = {isa = PBXFileReference; explicitFileType = wrapper.application; includeInIndex = 0; path = HMS_APP.app; sourceTree = BUILT_PRODUCTS_DIR; };
/* End PBXFileReference section */

/* Begin PBXFileSystemSynchronizedRootGroup section */
		7802C7B12DC29F500071A2FF /* HMS_APP */ = {
			isa = PBXFileSystemSynchronizedRootGroup;
			path = HMS_APP;
			sourceTree = "<group>";
		};
/* End PBXFileSystemSynchronizedRootGroup section */

/* Begin PBXFrameworksBuildPhase section */
		7802C7AC2DC29F500071A2FF /* Frameworks */ = {
			isa = PBXFrameworksBuildPhase;
			buildActionMask = 2147483647;
			files = (
				398829DD2DCA48E3002C7C5F /* FirebaseFirestoreCombine-Community in Frameworks */,
				398829F32DCA48E3002C7C5F /* FirebaseVertexAI in Frameworks */,
				398829DF2DCA48E3002C7C5F /* FirebaseFunctions in Frameworks */,
				398829EB2DCA48E3002C7C5F /* FirebasePerformance in Frameworks */,
				398829F12DCA48E3002C7C5F /* FirebaseStorageCombine-Community in Frameworks */,
				398829ED2DCA48E3002C7C5F /* FirebaseRemoteConfig in Frameworks */,
				398829D72DCA48E3002C7C5F /* FirebaseDatabase in Frameworks */,
				398829D92DCA48E3002C7C5F /* FirebaseDynamicLinks in Frameworks */,
				398829CB2DCA48E3002C7C5F /* FirebaseAppCheck in Frameworks */,
				398829CF2DCA48E3002C7C5F /* FirebaseAuth in Frameworks */,
				39882A0F2DCB2067002C7C5F /* RazorpayCheckout in Frameworks */,
				398829C52DCA48E3002C7C5F /* FirebaseAnalytics in Frameworks */,
				398829DB2DCA48E3002C7C5F /* FirebaseFirestore in Frameworks */,
				398829E92DCA48E3002C7C5F /* FirebaseMessaging in Frameworks */,
				398829E52DCA48E3002C7C5F /* FirebaseInstallations in Frameworks */,
				398829F62DCA491D002C7C5F /* Appwrite in Frameworks */,
				398829E12DCA48E3002C7C5F /* FirebaseFunctionsCombine-Community in Frameworks */,
				398829CD2DCA48E3002C7C5F /* FirebaseAppDistribution-Beta in Frameworks */,
				398829F92DCA49D1002C7C5F /* MarkdownUI in Frameworks */,
				398829C92DCA48E3002C7C5F /* FirebaseAnalyticsWithoutAdIdSupport in Frameworks */,
				398829E32DCA48E3002C7C5F /* FirebaseInAppMessaging-Beta in Frameworks */,
				398829D12DCA48E3002C7C5F /* FirebaseAuthCombine-Community in Frameworks */,
				398829D52DCA48E3002C7C5F /* FirebaseCrashlytics in Frameworks */,
				398829E72DCA48E3002C7C5F /* FirebaseMLModelDownloader in Frameworks */,
				398829EF2DCA48E3002C7C5F /* FirebaseStorage in Frameworks */,
				398829D32DCA48E3002C7C5F /* FirebaseCore in Frameworks */,
				398829C72DCA48E3002C7C5F /* FirebaseAnalyticsOnDeviceConversion in Frameworks */,
			);
			runOnlyForDeploymentPostprocessing = 0;
		};
/* End PBXFrameworksBuildPhase section */

/* Begin PBXGroup section */
		35B5495A2DC2A38100C74C0F /* Frameworks */ = {
			isa = PBXGroup;
			children = (
			);
			name = Frameworks;
			sourceTree = "<group>";
		};
		7802C7A62DC29F500071A2FF = {
			isa = PBXGroup;
			children = (
				7802C7B12DC29F500071A2FF /* HMS_APP */,
				35B5495A2DC2A38100C74C0F /* Frameworks */,
				7802C7B02DC29F500071A2FF /* Products */,
			);
			sourceTree = "<group>";
		};
		7802C7B02DC29F500071A2FF /* Products */ = {
			isa = PBXGroup;
			children = (
				7802C7AF2DC29F500071A2FF /* HMS_APP.app */,
			);
			name = Products;
			sourceTree = "<group>";
		};
/* End PBXGroup section */

/* Begin PBXNativeTarget section */
		7802C7AE2DC29F500071A2FF /* HMS_APP */ = {
			isa = PBXNativeTarget;
			buildConfigurationList = 7802C7BA2DC29F520071A2FF /* Build configuration list for PBXNativeTarget "HMS_APP" */;
			buildPhases = (
				7802C7AB2DC29F500071A2FF /* Sources */,
				7802C7AC2DC29F500071A2FF /* Frameworks */,
				7802C7AD2DC29F500071A2FF /* Resources */,
			);
			buildRules = (
			);
			dependencies = (
			);
			fileSystemSynchronizedGroups = (
				7802C7B12DC29F500071A2FF /* HMS_APP */,
			);
			name = HMS_APP;
			packageProductDependencies = (
				398829C42DCA48E3002C7C5F /* FirebaseAnalytics */,
				398829C62DCA48E3002C7C5F /* FirebaseAnalyticsOnDeviceConversion */,
				398829C82DCA48E3002C7C5F /* FirebaseAnalyticsWithoutAdIdSupport */,
				398829CA2DCA48E3002C7C5F /* FirebaseAppCheck */,
				398829CC2DCA48E3002C7C5F /* FirebaseAppDistribution-Beta */,
				398829CE2DCA48E3002C7C5F /* FirebaseAuth */,
				398829D02DCA48E3002C7C5F /* FirebaseAuthCombine-Community */,
				398829D22DCA48E3002C7C5F /* FirebaseCore */,
				398829D42DCA48E3002C7C5F /* FirebaseCrashlytics */,
				398829D62DCA48E3002C7C5F /* FirebaseDatabase */,
				398829D82DCA48E3002C7C5F /* FirebaseDynamicLinks */,
				398829DA2DCA48E3002C7C5F /* FirebaseFirestore */,
				398829DC2DCA48E3002C7C5F /* FirebaseFirestoreCombine-Community */,
				398829DE2DCA48E3002C7C5F /* FirebaseFunctions */,
				398829E02DCA48E3002C7C5F /* FirebaseFunctionsCombine-Community */,
				398829E22DCA48E3002C7C5F /* FirebaseInAppMessaging-Beta */,
				398829E42DCA48E3002C7C5F /* FirebaseInstallations */,
				398829E62DCA48E3002C7C5F /* FirebaseMLModelDownloader */,
				398829E82DCA48E3002C7C5F /* FirebaseMessaging */,
				398829EA2DCA48E3002C7C5F /* FirebasePerformance */,
				398829EC2DCA48E3002C7C5F /* FirebaseRemoteConfig */,
				398829EE2DCA48E3002C7C5F /* FirebaseStorage */,
				398829F02DCA48E3002C7C5F /* FirebaseStorageCombine-Community */,
				398829F22DCA48E3002C7C5F /* FirebaseVertexAI */,
				398829F52DCA491D002C7C5F /* Appwrite */,
				398829F82DCA49D1002C7C5F /* MarkdownUI */,
				39882A0E2DCB2067002C7C5F /* RazorpayCheckout */,
			);
			productName = HMS_APP;
			productReference = 7802C7AF2DC29F500071A2FF /* HMS_APP.app */;
			productType = "com.apple.product-type.application";
		};
/* End PBXNativeTarget section */

/* Begin PBXProject section */
		7802C7A72DC29F500071A2FF /* Project object */ = {
			isa = PBXProject;
			attributes = {
				BuildIndependentTargetsInParallel = 1;
				LastSwiftUpdateCheck = 1630;
				LastUpgradeCheck = 1630;
				TargetAttributes = {
					7802C7AE2DC29F500071A2FF = {
						CreatedOnToolsVersion = 16.3;
					};
				};
			};
			buildConfigurationList = 7802C7AA2DC29F500071A2FF /* Build configuration list for PBXProject "HMS_APP" */;
			developmentRegion = en;
			hasScannedForEncodings = 0;
			knownRegions = (
				en,
				Base,
			);
			mainGroup = 7802C7A62DC29F500071A2FF;
			minimizedProjectReferenceProxies = 1;
			packageReferences = (
				398829C32DCA48E3002C7C5F /* XCRemoteSwiftPackageReference "firebase-ios-sdk" */,
				398829F42DCA491D002C7C5F /* XCRemoteSwiftPackageReference "sdk-for-swift" */,
				398829F72DCA49D1002C7C5F /* XCRemoteSwiftPackageReference "swift-markdown-ui" */,
				39882A0D2DCB2067002C7C5F /* XCRemoteSwiftPackageReference "razorpay-pod" */,
			);
			preferredProjectObjectVersion = 77;
			productRefGroup = 7802C7B02DC29F500071A2FF /* Products */;
			projectDirPath = "";
			projectRoot = "";
			targets = (
				7802C7AE2DC29F500071A2FF /* HMS_APP */,
			);
		};
/* End PBXProject section */

/* Begin PBXResourcesBuildPhase section */
		7802C7AD2DC29F500071A2FF /* Resources */ = {
			isa = PBXResourcesBuildPhase;
			buildActionMask = 2147483647;
			files = (
			);
			runOnlyForDeploymentPostprocessing = 0;
		};
/* End PBXResourcesBuildPhase section */

/* Begin PBXSourcesBuildPhase section */
		7802C7AB2DC29F500071A2FF /* Sources */ = {
			isa = PBXSourcesBuildPhase;
			buildActionMask = 2147483647;
			files = (
			);
			runOnlyForDeploymentPostprocessing = 0;
		};
/* End PBXSourcesBuildPhase section */

/* Begin XCBuildConfiguration section */
		7802C7B82DC29F520071A2FF /* Debug */ = {
			isa = XCBuildConfiguration;
			buildSettings = {
				ALWAYS_SEARCH_USER_PATHS = NO;
				ASSETCATALOG_COMPILER_GENERATE_SWIFT_ASSET_SYMBOL_EXTENSIONS = YES;
				CLANG_ANALYZER_NONNULL = YES;
				CLANG_ANALYZER_NUMBER_OBJECT_CONVERSION = YES_AGGRESSIVE;
				CLANG_CXX_LANGUAGE_STANDARD = "gnu++20";
				CLANG_ENABLE_MODULES = YES;
				CLANG_ENABLE_OBJC_ARC = YES;
				CLANG_ENABLE_OBJC_WEAK = YES;
				CLANG_WARN_BLOCK_CAPTURE_AUTORELEASING = YES;
				CLANG_WARN_BOOL_CONVERSION = YES;
				CLANG_WARN_COMMA = YES;
				CLANG_WARN_CONSTANT_CONVERSION = YES;
				CLANG_WARN_DEPRECATED_OBJC_IMPLEMENTATIONS = YES;
				CLANG_WARN_DIRECT_OBJC_ISA_USAGE = YES_ERROR;
				CLANG_WARN_DOCUMENTATION_COMMENTS = YES;
				CLANG_WARN_EMPTY_BODY = YES;
				CLANG_WARN_ENUM_CONVERSION = YES;
				CLANG_WARN_INFINITE_RECURSION = YES;
				CLANG_WARN_INT_CONVERSION = YES;
				CLANG_WARN_NON_LITERAL_NULL_CONVERSION = YES;
				CLANG_WARN_OBJC_IMPLICIT_RETAIN_SELF = YES;
				CLANG_WARN_OBJC_LITERAL_CONVERSION = YES;
				CLANG_WARN_OBJC_ROOT_CLASS = YES_ERROR;
				CLANG_WARN_QUOTED_INCLUDE_IN_FRAMEWORK_HEADER = YES;
				CLANG_WARN_RANGE_LOOP_ANALYSIS = YES;
				CLANG_WARN_STRICT_PROTOTYPES = YES;
				CLANG_WARN_SUSPICIOUS_MOVE = YES;
				CLANG_WARN_UNGUARDED_AVAILABILITY = YES_AGGRESSIVE;
				CLANG_WARN_UNREACHABLE_CODE = YES;
				CLANG_WARN__DUPLICATE_METHOD_MATCH = YES;
				COPY_PHASE_STRIP = NO;
				DEBUG_INFORMATION_FORMAT = dwarf;
				DEVELOPMENT_TEAM = VQV56HG824;
				ENABLE_STRICT_OBJC_MSGSEND = YES;
				ENABLE_TESTABILITY = YES;
				ENABLE_USER_SCRIPT_SANDBOXING = YES;
				GCC_C_LANGUAGE_STANDARD = gnu17;
				GCC_DYNAMIC_NO_PIC = NO;
				GCC_NO_COMMON_BLOCKS = YES;
				GCC_OPTIMIZATION_LEVEL = 0;
				GCC_PREPROCESSOR_DEFINITIONS = (
					"DEBUG=1",
					"$(inherited)",
				);
				GCC_WARN_64_TO_32_BIT_CONVERSION = YES;
				GCC_WARN_ABOUT_RETURN_TYPE = YES_ERROR;
				GCC_WARN_UNDECLARED_SELECTOR = YES;
				GCC_WARN_UNINITIALIZED_AUTOS = YES_AGGRESSIVE;
				GCC_WARN_UNUSED_FUNCTION = YES;
				GCC_WARN_UNUSED_VARIABLE = YES;
				IPHONEOS_DEPLOYMENT_TARGET = 18.4;
				LOCALIZATION_PREFERS_STRING_CATALOGS = YES;
				MTL_ENABLE_DEBUG_INFO = INCLUDE_SOURCE;
				MTL_FAST_MATH = YES;
				ONLY_ACTIVE_ARCH = YES;
				SDKROOT = iphoneos;
				SWIFT_ACTIVE_COMPILATION_CONDITIONS = "DEBUG $(inherited)";
				SWIFT_OPTIMIZATION_LEVEL = "-Onone";
			};
			name = Debug;
		};
		7802C7B92DC29F520071A2FF /* Release */ = {
			isa = XCBuildConfiguration;
			buildSettings = {
				ALWAYS_SEARCH_USER_PATHS = NO;
				ASSETCATALOG_COMPILER_GENERATE_SWIFT_ASSET_SYMBOL_EXTENSIONS = YES;
				CLANG_ANALYZER_NONNULL = YES;
				CLANG_ANALYZER_NUMBER_OBJECT_CONVERSION = YES_AGGRESSIVE;
				CLANG_CXX_LANGUAGE_STANDARD = "gnu++20";
				CLANG_ENABLE_MODULES = YES;
				CLANG_ENABLE_OBJC_ARC = YES;
				CLANG_ENABLE_OBJC_WEAK = YES;
				CLANG_WARN_BLOCK_CAPTURE_AUTORELEASING = YES;
				CLANG_WARN_BOOL_CONVERSION = YES;
				CLANG_WARN_COMMA = YES;
				CLANG_WARN_CONSTANT_CONVERSION = YES;
				CLANG_WARN_DEPRECATED_OBJC_IMPLEMENTATIONS = YES;
				CLANG_WARN_DIRECT_OBJC_ISA_USAGE = YES_ERROR;
				CLANG_WARN_DOCUMENTATION_COMMENTS = YES;
				CLANG_WARN_EMPTY_BODY = YES;
				CLANG_WARN_ENUM_CONVERSION = YES;
				CLANG_WARN_INFINITE_RECURSION = YES;
				CLANG_WARN_INT_CONVERSION = YES;
				CLANG_WARN_NON_LITERAL_NULL_CONVERSION = YES;
				CLANG_WARN_OBJC_IMPLICIT_RETAIN_SELF = YES;
				CLANG_WARN_OBJC_LITERAL_CONVERSION = YES;
				CLANG_WARN_OBJC_ROOT_CLASS = YES_ERROR;
				CLANG_WARN_QUOTED_INCLUDE_IN_FRAMEWORK_HEADER = YES;
				CLANG_WARN_RANGE_LOOP_ANALYSIS = YES;
				CLANG_WARN_STRICT_PROTOTYPES = YES;
				CLANG_WARN_SUSPICIOUS_MOVE = YES;
				CLANG_WARN_UNGUARDED_AVAILABILITY = YES_AGGRESSIVE;
				CLANG_WARN_UNREACHABLE_CODE = YES;
				CLANG_WARN__DUPLICATE_METHOD_MATCH = YES;
				COPY_PHASE_STRIP = NO;
				DEBUG_INFORMATION_FORMAT = "dwarf-with-dsym";
				DEVELOPMENT_TEAM = VQV56HG824;
				ENABLE_NS_ASSERTIONS = NO;
				ENABLE_STRICT_OBJC_MSGSEND = YES;
				ENABLE_USER_SCRIPT_SANDBOXING = YES;
				GCC_C_LANGUAGE_STANDARD = gnu17;
				GCC_NO_COMMON_BLOCKS = YES;
				GCC_WARN_64_TO_32_BIT_CONVERSION = YES;
				GCC_WARN_ABOUT_RETURN_TYPE = YES_ERROR;
				GCC_WARN_UNDECLARED_SELECTOR = YES;
				GCC_WARN_UNINITIALIZED_AUTOS = YES_AGGRESSIVE;
				GCC_WARN_UNUSED_FUNCTION = YES;
				GCC_WARN_UNUSED_VARIABLE = YES;
				IPHONEOS_DEPLOYMENT_TARGET = 18.4;
				LOCALIZATION_PREFERS_STRING_CATALOGS = YES;
				MTL_ENABLE_DEBUG_INFO = NO;
				MTL_FAST_MATH = YES;
				SDKROOT = iphoneos;
				SWIFT_COMPILATION_MODE = wholemodule;
				VALIDATE_PRODUCT = YES;
			};
			name = Release;
		};
		7802C7BB2DC29F520071A2FF /* Debug */ = {
			isa = XCBuildConfiguration;
			buildSettings = {
				ASSETCATALOG_COMPILER_APPICON_NAME = AppIcon;
				ASSETCATALOG_COMPILER_GLOBAL_ACCENT_COLOR_NAME = AccentColor;
				CODE_SIGN_STYLE = Automatic;
				CURRENT_PROJECT_VERSION = 1;
				DEVELOPMENT_TEAM = CRB7V39633;
				ENABLE_PREVIEWS = YES;
				GENERATE_INFOPLIST_FILE = YES;
				INFOPLIST_KEY_UIApplicationSceneManifest_Generation = YES;
				INFOPLIST_KEY_UIApplicationSupportsIndirectInputEvents = YES;
				INFOPLIST_KEY_UILaunchScreen_Generation = YES;
				INFOPLIST_KEY_UISupportedInterfaceOrientations_iPad = "UIInterfaceOrientationPortrait UIInterfaceOrientationPortraitUpsideDown UIInterfaceOrientationLandscapeLeft UIInterfaceOrientationLandscapeRight";
				INFOPLIST_KEY_UISupportedInterfaceOrientations_iPhone = "UIInterfaceOrientationPortrait UIInterfaceOrientationLandscapeLeft UIInterfaceOrientationLandscapeRight";
				IPHONEOS_DEPLOYMENT_TARGET = 18.0;
				LD_RUNPATH_SEARCH_PATHS = (
					"$(inherited)",
					"@executable_path/Frameworks",
				);
				MARKETING_VERSION = 1.0;
				PRODUCT_BUNDLE_IDENTIFIER = team4infosys.HMS;
				PRODUCT_NAME = "$(TARGET_NAME)";
				SWIFT_EMIT_LOC_STRINGS = YES;
				SWIFT_VERSION = 5.0;
				TARGETED_DEVICE_FAMILY = "1,2";
			};
			name = Debug;
		};
		7802C7BC2DC29F520071A2FF /* Release */ = {
			isa = XCBuildConfiguration;
			buildSettings = {
				ASSETCATALOG_COMPILER_APPICON_NAME = AppIcon;
				ASSETCATALOG_COMPILER_GLOBAL_ACCENT_COLOR_NAME = AccentColor;
				CODE_SIGN_STYLE = Automatic;
				CURRENT_PROJECT_VERSION = 1;
				DEVELOPMENT_TEAM = CRB7V39633;
				ENABLE_PREVIEWS = YES;
				GENERATE_INFOPLIST_FILE = YES;
				INFOPLIST_KEY_UIApplicationSceneManifest_Generation = YES;
				INFOPLIST_KEY_UIApplicationSupportsIndirectInputEvents = YES;
				INFOPLIST_KEY_UILaunchScreen_Generation = YES;
				INFOPLIST_KEY_UISupportedInterfaceOrientations_iPad = "UIInterfaceOrientationPortrait UIInterfaceOrientationPortraitUpsideDown UIInterfaceOrientationLandscapeLeft UIInterfaceOrientationLandscapeRight";
				INFOPLIST_KEY_UISupportedInterfaceOrientations_iPhone = "UIInterfaceOrientationPortrait UIInterfaceOrientationLandscapeLeft UIInterfaceOrientationLandscapeRight";
				IPHONEOS_DEPLOYMENT_TARGET = 18.0;
				LD_RUNPATH_SEARCH_PATHS = (
					"$(inherited)",
					"@executable_path/Frameworks",
				);
				MARKETING_VERSION = 1.0;
				PRODUCT_BUNDLE_IDENTIFIER = team4infosys.HMS;
				PRODUCT_NAME = "$(TARGET_NAME)";
				SWIFT_EMIT_LOC_STRINGS = YES;
				SWIFT_VERSION = 5.0;
				TARGETED_DEVICE_FAMILY = "1,2";
			};
			name = Release;
		};
/* End XCBuildConfiguration section */

/* Begin XCConfigurationList section */
		7802C7AA2DC29F500071A2FF /* Build configuration list for PBXProject "HMS_APP" */ = {
			isa = XCConfigurationList;
			buildConfigurations = (
				7802C7B82DC29F520071A2FF /* Debug */,
				7802C7B92DC29F520071A2FF /* Release */,
			);
			defaultConfigurationIsVisible = 0;
			defaultConfigurationName = Release;
		};
		7802C7BA2DC29F520071A2FF /* Build configuration list for PBXNativeTarget "HMS_APP" */ = {
			isa = XCConfigurationList;
			buildConfigurations = (
				7802C7BB2DC29F520071A2FF /* Debug */,
				7802C7BC2DC29F520071A2FF /* Release */,
			);
			defaultConfigurationIsVisible = 0;
			defaultConfigurationName = Release;
		};
/* End XCConfigurationList section */

/* Begin XCRemoteSwiftPackageReference section */
		398829C32DCA48E3002C7C5F /* XCRemoteSwiftPackageReference "firebase-ios-sdk" */ = {
			isa = XCRemoteSwiftPackageReference;
			repositoryURL = "https://github.com/firebase/firebase-ios-sdk.git";
			requirement = {
				kind = upToNextMajorVersion;
				minimumVersion = 11.12.0;
			};
		};
		398829F42DCA491D002C7C5F /* XCRemoteSwiftPackageReference "sdk-for-swift" */ = {
			isa = XCRemoteSwiftPackageReference;
			repositoryURL = "https://github.com/appwrite/sdk-for-swift";
			requirement = {
				kind = upToNextMajorVersion;
				minimumVersion = 9.0.0;
			};
		};
		398829F72DCA49D1002C7C5F /* XCRemoteSwiftPackageReference "swift-markdown-ui" */ = {
			isa = XCRemoteSwiftPackageReference;
			repositoryURL = "https://github.com/gonzalezreal/swift-markdown-ui.git";
			requirement = {
				kind = upToNextMajorVersion;
				minimumVersion = 2.4.1;
			};
		};
		39882A0D2DCB2067002C7C5F /* XCRemoteSwiftPackageReference "razorpay-pod" */ = {
			isa = XCRemoteSwiftPackageReference;
			repositoryURL = "https://github.com/razorpay/razorpay-pod.git";
			requirement = {
				kind = upToNextMajorVersion;
				minimumVersion = 1.4.0;
			};
		};
/* End XCRemoteSwiftPackageReference section */

/* Begin XCSwiftPackageProductDependency section */
		398829C42DCA48E3002C7C5F /* FirebaseAnalytics */ = {
			isa = XCSwiftPackageProductDependency;
			package = 398829C32DCA48E3002C7C5F /* XCRemoteSwiftPackageReference "firebase-ios-sdk" */;
			productName = FirebaseAnalytics;
		};
		398829C62DCA48E3002C7C5F /* FirebaseAnalyticsOnDeviceConversion */ = {
			isa = XCSwiftPackageProductDependency;
			package = 398829C32DCA48E3002C7C5F /* XCRemoteSwiftPackageReference "firebase-ios-sdk" */;
			productName = FirebaseAnalyticsOnDeviceConversion;
		};
		398829C82DCA48E3002C7C5F /* FirebaseAnalyticsWithoutAdIdSupport */ = {
			isa = XCSwiftPackageProductDependency;
			package = 398829C32DCA48E3002C7C5F /* XCRemoteSwiftPackageReference "firebase-ios-sdk" */;
			productName = FirebaseAnalyticsWithoutAdIdSupport;
		};
		398829CA2DCA48E3002C7C5F /* FirebaseAppCheck */ = {
			isa = XCSwiftPackageProductDependency;
			package = 398829C32DCA48E3002C7C5F /* XCRemoteSwiftPackageReference "firebase-ios-sdk" */;
			productName = FirebaseAppCheck;
		};
		398829CC2DCA48E3002C7C5F /* FirebaseAppDistribution-Beta */ = {
			isa = XCSwiftPackageProductDependency;
			package = 398829C32DCA48E3002C7C5F /* XCRemoteSwiftPackageReference "firebase-ios-sdk" */;
			productName = "FirebaseAppDistribution-Beta";
		};
		398829CE2DCA48E3002C7C5F /* FirebaseAuth */ = {
			isa = XCSwiftPackageProductDependency;
			package = 398829C32DCA48E3002C7C5F /* XCRemoteSwiftPackageReference "firebase-ios-sdk" */;
			productName = FirebaseAuth;
		};
		398829D02DCA48E3002C7C5F /* FirebaseAuthCombine-Community */ = {
			isa = XCSwiftPackageProductDependency;
			package = 398829C32DCA48E3002C7C5F /* XCRemoteSwiftPackageReference "firebase-ios-sdk" */;
			productName = "FirebaseAuthCombine-Community";
		};
		398829D22DCA48E3002C7C5F /* FirebaseCore */ = {
			isa = XCSwiftPackageProductDependency;
			package = 398829C32DCA48E3002C7C5F /* XCRemoteSwiftPackageReference "firebase-ios-sdk" */;
			productName = FirebaseCore;
		};
		398829D42DCA48E3002C7C5F /* FirebaseCrashlytics */ = {
			isa = XCSwiftPackageProductDependency;
			package = 398829C32DCA48E3002C7C5F /* XCRemoteSwiftPackageReference "firebase-ios-sdk" */;
			productName = FirebaseCrashlytics;
		};
		398829D62DCA48E3002C7C5F /* FirebaseDatabase */ = {
			isa = XCSwiftPackageProductDependency;
			package = 398829C32DCA48E3002C7C5F /* XCRemoteSwiftPackageReference "firebase-ios-sdk" */;
			productName = FirebaseDatabase;
		};
		398829D82DCA48E3002C7C5F /* FirebaseDynamicLinks */ = {
			isa = XCSwiftPackageProductDependency;
			package = 398829C32DCA48E3002C7C5F /* XCRemoteSwiftPackageReference "firebase-ios-sdk" */;
			productName = FirebaseDynamicLinks;
		};
		398829DA2DCA48E3002C7C5F /* FirebaseFirestore */ = {
			isa = XCSwiftPackageProductDependency;
			package = 398829C32DCA48E3002C7C5F /* XCRemoteSwiftPackageReference "firebase-ios-sdk" */;
			productName = FirebaseFirestore;
		};
		398829DC2DCA48E3002C7C5F /* FirebaseFirestoreCombine-Community */ = {
			isa = XCSwiftPackageProductDependency;
			package = 398829C32DCA48E3002C7C5F /* XCRemoteSwiftPackageReference "firebase-ios-sdk" */;
			productName = "FirebaseFirestoreCombine-Community";
		};
		398829DE2DCA48E3002C7C5F /* FirebaseFunctions */ = {
			isa = XCSwiftPackageProductDependency;
			package = 398829C32DCA48E3002C7C5F /* XCRemoteSwiftPackageReference "firebase-ios-sdk" */;
			productName = FirebaseFunctions;
		};
		398829E02DCA48E3002C7C5F /* FirebaseFunctionsCombine-Community */ = {
			isa = XCSwiftPackageProductDependency;
			package = 398829C32DCA48E3002C7C5F /* XCRemoteSwiftPackageReference "firebase-ios-sdk" */;
			productName = "FirebaseFunctionsCombine-Community";
		};
		398829E22DCA48E3002C7C5F /* FirebaseInAppMessaging-Beta */ = {
			isa = XCSwiftPackageProductDependency;
			package = 398829C32DCA48E3002C7C5F /* XCRemoteSwiftPackageReference "firebase-ios-sdk" */;
			productName = "FirebaseInAppMessaging-Beta";
		};
		398829E42DCA48E3002C7C5F /* FirebaseInstallations */ = {
			isa = XCSwiftPackageProductDependency;
			package = 398829C32DCA48E3002C7C5F /* XCRemoteSwiftPackageReference "firebase-ios-sdk" */;
			productName = FirebaseInstallations;
		};
		398829E62DCA48E3002C7C5F /* FirebaseMLModelDownloader */ = {
			isa = XCSwiftPackageProductDependency;
			package = 398829C32DCA48E3002C7C5F /* XCRemoteSwiftPackageReference "firebase-ios-sdk" */;
			productName = FirebaseMLModelDownloader;
		};
		398829E82DCA48E3002C7C5F /* FirebaseMessaging */ = {
			isa = XCSwiftPackageProductDependency;
			package = 398829C32DCA48E3002C7C5F /* XCRemoteSwiftPackageReference "firebase-ios-sdk" */;
			productName = FirebaseMessaging;
		};
		398829EA2DCA48E3002C7C5F /* FirebasePerformance */ = {
			isa = XCSwiftPackageProductDependency;
			package = 398829C32DCA48E3002C7C5F /* XCRemoteSwiftPackageReference "firebase-ios-sdk" */;
			productName = FirebasePerformance;
		};
		398829EC2DCA48E3002C7C5F /* FirebaseRemoteConfig */ = {
			isa = XCSwiftPackageProductDependency;
			package = 398829C32DCA48E3002C7C5F /* XCRemoteSwiftPackageReference "firebase-ios-sdk" */;
			productName = FirebaseRemoteConfig;
		};
		398829EE2DCA48E3002C7C5F /* FirebaseStorage */ = {
			isa = XCSwiftPackageProductDependency;
			package = 398829C32DCA48E3002C7C5F /* XCRemoteSwiftPackageReference "firebase-ios-sdk" */;
			productName = FirebaseStorage;
		};
		398829F02DCA48E3002C7C5F /* FirebaseStorageCombine-Community */ = {
			isa = XCSwiftPackageProductDependency;
			package = 398829C32DCA48E3002C7C5F /* XCRemoteSwiftPackageReference "firebase-ios-sdk" */;
			productName = "FirebaseStorageCombine-Community";
		};
		398829F22DCA48E3002C7C5F /* FirebaseVertexAI */ = {
			isa = XCSwiftPackageProductDependency;
			package = 398829C32DCA48E3002C7C5F /* XCRemoteSwiftPackageReference "firebase-ios-sdk" */;
			productName = FirebaseVertexAI;
		};
		398829F52DCA491D002C7C5F /* Appwrite */ = {
			isa = XCSwiftPackageProductDependency;
			package = 398829F42DCA491D002C7C5F /* XCRemoteSwiftPackageReference "sdk-for-swift" */;
			productName = Appwrite;
		};
		398829F82DCA49D1002C7C5F /* MarkdownUI */ = {
			isa = XCSwiftPackageProductDependency;
			package = 398829F72DCA49D1002C7C5F /* XCRemoteSwiftPackageReference "swift-markdown-ui" */;
			productName = MarkdownUI;
		};
		39882A0E2DCB2067002C7C5F /* RazorpayCheckout */ = {
			isa = XCSwiftPackageProductDependency;
			package = 39882A0D2DCB2067002C7C5F /* XCRemoteSwiftPackageReference "razorpay-pod" */;
			productName = RazorpayCheckout;
		};
/* End XCSwiftPackageProductDependency section */
	};
	rootObject = 7802C7A72DC29F500071A2FF /* Project object */;
}
